{
  "pins" : [
    {
      "identity" : "terrartios",
      "kind" : "remoteSourceControl",
      "location" : "https://github.com/tryterra/TerraRTiOS",
      "state" : {
        "branch" : "master",
        "revision" : "54edeaefa9f3e9fbc66504496c979492020b00fd"
      }
    }
  ],
  "version" : 2
}
